
Microsoft Visual Studio Solution File, Format Version 12.00
# Visual Studio Version 17
VisualStudioVersion = 17.10.35027.167
MinimumVisualStudioVersion = 10.0.40219.1
Project("{FAE04EC0-301F-11D3-BF4B-00C04F79EFBC}") = "Attendance System", "Attendance System\Attendance System.csproj", "{6ECC98D3-BDC8-46F3-A217-1A041406BB13}"
EndProject
Global
	GlobalSection(SolutionConfigurationPlatforms) = preSolution
		Debug|Any CPU = Debug|Any CPU
		Release|Any CPU = Release|Any CPU
	EndGlobalSection
	GlobalSection(ProjectConfigurationPlatforms) = postSolution
		{6ECC98D3-BDC8-46F3-A217-1A041406BB13}.Debug|Any CPU.ActiveCfg = Debug|Any CPU
		{6ECC98D3-BDC8-46F3-A217-1A041406BB13}.Debug|Any CPU.Build.0 = Debug|Any CPU
		{6ECC98D3-BDC8-46F3-A217-1A041406BB13}.Release|Any CPU.ActiveCfg = Release|Any CPU
		{6ECC98D3-BDC8-46F3-A217-1A041406BB13}.Release|Any CPU.Build.0 = Release|Any CPU
	EndGlobalSection
	GlobalSection(SolutionProperties) = preSolution
		HideSolutionNode = FALSE
	EndGlobalSection
	GlobalSection(ExtensibilityGlobals) = postSolution
		SolutionGuid = {32F29078-BAB8-4A11-8B36-03478B29D799}
	EndGlobalSection
EndGlobal
